
Microsoft Visual Studio Solution File, Format Version 12.00
# Visual Studio Version 17
VisualStudioVersion = 17.5.33516.290
MinimumVisualStudioVersion = 10.0.40219.1
Project("{FAE04EC0-301F-11D3-BF4B-00C04F79EFBC}") = "meu-site-mvc", "meu-site-mvc\meu-site-mvc.csproj", "{62AFF946-7A77-449D-920A-2D84DACAB737}"
EndProject
Global
	GlobalSection(SolutionConfigurationPlatforms) = preSolution
		Debug|Any CPU = Debug|Any CPU
		Release|Any CPU = Release|Any CPU
	EndGlobalSection
	GlobalSection(ProjectConfigurationPlatforms) = postSolution
		{62AFF946-7A77-449D-920A-2D84DACAB737}.Debug|Any CPU.ActiveCfg = Debug|Any CPU
		{62AFF946-7A77-449D-920A-2D84DACAB737}.Debug|Any CPU.Build.0 = Debug|Any CPU
		{62AFF946-7A77-449D-920A-2D84DACAB737}.Release|Any CPU.ActiveCfg = Release|Any CPU
		{62AFF946-7A77-449D-920A-2D84DACAB737}.Release|Any CPU.Build.0 = Release|Any CPU
	EndGlobalSection
	GlobalSection(SolutionProperties) = preSolution
		HideSolutionNode = FALSE
	EndGlobalSection
	GlobalSection(ExtensibilityGlobals) = postSolution
		SolutionGuid = {3E240E5F-C52A-4C99-ABC3-EBD7BB131006}
	EndGlobalSection
EndGlobal
